[{<<"goldrush">>,
  {git,"git://github.com/DeadZen/goldrush.git",
       {ref,"71e63212f12c25827e0c1b4198d37d5d018a7fec"}},
  1},
 {<<"hpack">>,
  {git,"git://github.com/joedevivo/hpack.git",
       {ref,"5554c66b607a1ea8de2cb134672b255d869e8e7b"}},
  0},
 {<<"jsn">>,
  {git,"git://github.com/nalundgaard/jsn.git",
       {ref,"d0aba77e5e5d9dadd54dcdbeef8abd3bb6db58c2"}},
  0},
 {<<"jsonx">>,
  {git,"https://github.com/iskra/jsonx.git",
       {ref,"9c95948c6835827ed61a9506ae4a9aba61acf335"}},
  1},
 {<<"lager">>,
  {git,"git://github.com/basho/lager.git",
       {ref,"75970de664c5634c577bdedf29c87f58a16893ca"}},
  0}].
